
Microsoft Visual Studio Solution File, Format Version 12.00
# Visual Studio Version 16
VisualStudioVersion = 16.0.31624.102
MinimumVisualStudioVersion = 10.0.40219.1
Project("{8BC9CEB8-8B4A-11D0-8D11-00A0C91BC942}") = "Ch4.2_QueueUsingLinkedList", "Ch4.2_QueueUsingLinkedList\Ch4.2_QueueUsingLinkedList.vcxproj", "{43AFD342-5C95-4CC7-890A-1F6F4D6BAC34}"
EndProject
Global
	GlobalSection(SolutionConfigurationPlatforms) = preSolution
		Debug|x64 = Debug|x64
		Debug|x86 = Debug|x86
		Release|x64 = Release|x64
		Release|x86 = Release|x86
	EndGlobalSection
	GlobalSection(ProjectConfigurationPlatforms) = postSolution
		{43AFD342-5C95-4CC7-890A-1F6F4D6BAC34}.Debug|x64.ActiveCfg = Debug|x64
		{43AFD342-5C95-4CC7-890A-1F6F4D6BAC34}.Debug|x64.Build.0 = Debug|x64
		{43AFD342-5C95-4CC7-890A-1F6F4D6BAC34}.Debug|x86.ActiveCfg = Debug|Win32
		{43AFD342-5C95-4CC7-890A-1F6F4D6BAC34}.Debug|x86.Build.0 = Debug|Win32
		{43AFD342-5C95-4CC7-890A-1F6F4D6BAC34}.Release|x64.ActiveCfg = Release|x64
		{43AFD342-5C95-4CC7-890A-1F6F4D6BAC34}.Release|x64.Build.0 = Release|x64
		{43AFD342-5C95-4CC7-890A-1F6F4D6BAC34}.Release|x86.ActiveCfg = Release|Win32
		{43AFD342-5C95-4CC7-890A-1F6F4D6BAC34}.Release|x86.Build.0 = Release|Win32
	EndGlobalSection
	GlobalSection(SolutionProperties) = preSolution
		HideSolutionNode = FALSE
	EndGlobalSection
	GlobalSection(ExtensibilityGlobals) = postSolution
		SolutionGuid = {80A4B7B7-FD05-4F3D-A284-C332F3C3E401}
	EndGlobalSection
EndGlobal
